
Microsoft Visual Studio Solution File, Format Version 12.00
# Visual Studio Version 17
VisualStudioVersion = 17.10.34928.147
MinimumVisualStudioVersion = 10.0.40219.1
Project("{9A19103F-16F7-4668-BE54-9A1E7A4F7556}") = "NumberConverterBackend", "NumberConverterBackend\NumberConverterBackend.csproj", "{B34E9B3B-60FB-4DF1-A312-BF5DE571465A}"
EndProject
Project("{FAE04EC0-301F-11D3-BF4B-00C04F79EFBC}") = "NumberConverterTests", "NumberConverterTests\NumberConverterTests.csproj", "{C00C9A45-F058-4458-BA0B-C72ABD3E4434}"
EndProject
Global
	GlobalSection(SolutionConfigurationPlatforms) = preSolution
		Debug|Any CPU = Debug|Any CPU
		Release|Any CPU = Release|Any CPU
	EndGlobalSection
	GlobalSection(ProjectConfigurationPlatforms) = postSolution
		{B34E9B3B-60FB-4DF1-A312-BF5DE571465A}.Debug|Any CPU.ActiveCfg = Debug|Any CPU
		{B34E9B3B-60FB-4DF1-A312-BF5DE571465A}.Debug|Any CPU.Build.0 = Debug|Any CPU
		{B34E9B3B-60FB-4DF1-A312-BF5DE571465A}.Release|Any CPU.ActiveCfg = Release|Any CPU
		{B34E9B3B-60FB-4DF1-A312-BF5DE571465A}.Release|Any CPU.Build.0 = Release|Any CPU
		{C00C9A45-F058-4458-BA0B-C72ABD3E4434}.Debug|Any CPU.ActiveCfg = Debug|Any CPU
		{C00C9A45-F058-4458-BA0B-C72ABD3E4434}.Debug|Any CPU.Build.0 = Debug|Any CPU
		{C00C9A45-F058-4458-BA0B-C72ABD3E4434}.Release|Any CPU.ActiveCfg = Release|Any CPU
		{C00C9A45-F058-4458-BA0B-C72ABD3E4434}.Release|Any CPU.Build.0 = Release|Any CPU
	EndGlobalSection
	GlobalSection(SolutionProperties) = preSolution
		HideSolutionNode = FALSE
	EndGlobalSection
	GlobalSection(ExtensibilityGlobals) = postSolution
		SolutionGuid = {6A821C4A-1C15-4D4D-9353-95608376903C}
	EndGlobalSection
EndGlobal
